
Microsoft Visual Studio Solution File, Format Version 12.00
# Visual Studio Version 17
VisualStudioVersion = 17.6.33723.286
MinimumVisualStudioVersion = 10.0.40219.1
Project("{FAE04EC0-301F-11D3-BF4B-00C04F79EFBC}") = "MyStore", "MyStore\MyStore.csproj", "{A1136A23-7A41-4466-812D-8D3498909BB7}"
EndProject
Global
	GlobalSection(SolutionConfigurationPlatforms) = preSolution
		Debug|Any CPU = Debug|Any CPU
		Release|Any CPU = Release|Any CPU
	EndGlobalSection
	GlobalSection(ProjectConfigurationPlatforms) = postSolution
		{A1136A23-7A41-4466-812D-8D3498909BB7}.Debug|Any CPU.ActiveCfg = Debug|Any CPU
		{A1136A23-7A41-4466-812D-8D3498909BB7}.Debug|Any CPU.Build.0 = Debug|Any CPU
		{A1136A23-7A41-4466-812D-8D3498909BB7}.Release|Any CPU.ActiveCfg = Release|Any CPU
		{A1136A23-7A41-4466-812D-8D3498909BB7}.Release|Any CPU.Build.0 = Release|Any CPU
	EndGlobalSection
	GlobalSection(SolutionProperties) = preSolution
		HideSolutionNode = FALSE
	EndGlobalSection
	GlobalSection(ExtensibilityGlobals) = postSolution
		SolutionGuid = {8A2F33DC-6979-42AF-A74A-58A5CAC16C47}
	EndGlobalSection
EndGlobal
